
Microsoft Visual Studio Solution File, Format Version 12.00
# Visual Studio Version 16
VisualStudioVersion = 16.0.31005.135
MinimumVisualStudioVersion = 10.0.40219.1
Project("{9A19103F-16F7-4668-BE54-9A1E7A4F7556}") = "Viscord_Server", "Viscord_Server\Viscord_Server.csproj", "{FAC459E2-D335-4C31-ADD4-E4AA1B7D70F8}"
EndProject
Project("{FAE04EC0-301F-11D3-BF4B-00C04F79EFBC}") = "Viscord", "Viscord_Client\Viscord.csproj", "{8711FC5B-E3A2-4048-B1DA-9C17ADCFEB65}"
EndProject
Project("{9A19103F-16F7-4668-BE54-9A1E7A4F7556}") = "Viscord_Autoupdater", "Viscord_Autoupdater\Viscord_Autoupdater.csproj", "{DAC195BB-36D8-4E7A-A76B-88A38CAB5C6F}"
EndProject
Global
	GlobalSection(SolutionConfigurationPlatforms) = preSolution
		Debug|Any CPU = Debug|Any CPU
		Release|Any CPU = Release|Any CPU
	EndGlobalSection
	GlobalSection(ProjectConfigurationPlatforms) = postSolution
		{FAC459E2-D335-4C31-ADD4-E4AA1B7D70F8}.Debug|Any CPU.ActiveCfg = Debug|Any CPU
		{FAC459E2-D335-4C31-ADD4-E4AA1B7D70F8}.Debug|Any CPU.Build.0 = Debug|Any CPU
		{FAC459E2-D335-4C31-ADD4-E4AA1B7D70F8}.Release|Any CPU.ActiveCfg = Release|Any CPU
		{FAC459E2-D335-4C31-ADD4-E4AA1B7D70F8}.Release|Any CPU.Build.0 = Release|Any CPU
		{8711FC5B-E3A2-4048-B1DA-9C17ADCFEB65}.Debug|Any CPU.ActiveCfg = Debug|Any CPU
		{8711FC5B-E3A2-4048-B1DA-9C17ADCFEB65}.Debug|Any CPU.Build.0 = Debug|Any CPU
		{8711FC5B-E3A2-4048-B1DA-9C17ADCFEB65}.Release|Any CPU.ActiveCfg = Release|Any CPU
		{8711FC5B-E3A2-4048-B1DA-9C17ADCFEB65}.Release|Any CPU.Build.0 = Release|Any CPU
		{DAC195BB-36D8-4E7A-A76B-88A38CAB5C6F}.Debug|Any CPU.ActiveCfg = Debug|Any CPU
		{DAC195BB-36D8-4E7A-A76B-88A38CAB5C6F}.Debug|Any CPU.Build.0 = Debug|Any CPU
		{DAC195BB-36D8-4E7A-A76B-88A38CAB5C6F}.Release|Any CPU.ActiveCfg = Release|Any CPU
		{DAC195BB-36D8-4E7A-A76B-88A38CAB5C6F}.Release|Any CPU.Build.0 = Release|Any CPU
	EndGlobalSection
	GlobalSection(SolutionProperties) = preSolution
		HideSolutionNode = FALSE
	EndGlobalSection
	GlobalSection(ExtensibilityGlobals) = postSolution
		SolutionGuid = {25463496-1ECB-424A-A2B0-D4F29D7EE3DA}
	EndGlobalSection
EndGlobal
